
Microsoft Visual Studio Solution File, Format Version 12.00
# Visual Studio 2013
VisualStudioVersion = 12.0.31101.0
MinimumVisualStudioVersion = 10.0.40219.1
Project("{FAE04EC0-301F-11D3-BF4B-00C04F79EFBC}") = "LogicAppDBS", "LogicAppDBS\LogicAppDBS.csproj", "{32DE8F0D-A089-4993-A743-C1A5A16CE838}"
EndProject
Project("{FAE04EC0-301F-11D3-BF4B-00C04F79EFBC}") = "LogicAppDBS.Tests", "LogicAppDBS.Tests\LogicAppDBS.Tests.csproj", "{AF68DE77-4449-4714-9A29-3495CB20E99C}"
EndProject
Project("{2150E333-8FDC-42A3-9474-1A3956D46DE8}") = ".nuget", ".nuget", "{3CEFD651-2D2A-42C1-8748-52334CC7D8AB}"
	ProjectSection(SolutionItems) = preProject
		.nuget\packages.config = .nuget\packages.config
	EndProjectSection
EndProject
Global
	GlobalSection(SolutionConfigurationPlatforms) = preSolution
		Debug|Any CPU = Debug|Any CPU
		Release|Any CPU = Release|Any CPU
	EndGlobalSection
	GlobalSection(ProjectConfigurationPlatforms) = postSolution
		{32DE8F0D-A089-4993-A743-C1A5A16CE838}.Debug|Any CPU.ActiveCfg = Debug|Any CPU
		{32DE8F0D-A089-4993-A743-C1A5A16CE838}.Debug|Any CPU.Build.0 = Debug|Any CPU
		{32DE8F0D-A089-4993-A743-C1A5A16CE838}.Release|Any CPU.ActiveCfg = Release|Any CPU
		{32DE8F0D-A089-4993-A743-C1A5A16CE838}.Release|Any CPU.Build.0 = Release|Any CPU
		{AF68DE77-4449-4714-9A29-3495CB20E99C}.Debug|Any CPU.ActiveCfg = Debug|Any CPU
		{AF68DE77-4449-4714-9A29-3495CB20E99C}.Debug|Any CPU.Build.0 = Debug|Any CPU
		{AF68DE77-4449-4714-9A29-3495CB20E99C}.Release|Any CPU.ActiveCfg = Release|Any CPU
		{AF68DE77-4449-4714-9A29-3495CB20E99C}.Release|Any CPU.Build.0 = Release|Any CPU
	EndGlobalSection
	GlobalSection(SolutionProperties) = preSolution
		HideSolutionNode = FALSE
	EndGlobalSection
EndGlobal
